
Microsoft Visual Studio Solution File, Format Version 12.00
# Visual Studio Version 17
VisualStudioVersion = 17.2.32630.192
MinimumVisualStudioVersion = 10.0.40219.1
Project("{9A19103F-16F7-4668-BE54-9A1E7A4F7556}") = "AutoHome.Server", "src\AutoHome.Server\AutoHome.Server.csproj", "{B88DD1D1-B1F7-4F70-AF16-F62316FA2A3C}"
EndProject
Project("{2150E333-8FDC-42A3-9474-1A3956D46DE8}") = "Solution Items", "Solution Items", "{991B2368-57CC-4EFD-86B6-F51E6548B977}"
	ProjectSection(SolutionItems) = preProject
		.dockerignore = .dockerignore
		.gitignore = .gitignore
		publish.ps1 = publish.ps1
		README.md = README.md
		setup_sdcard.ps1 = setup_sdcard.ps1
	EndProjectSection
EndProject
Project("{9A19103F-16F7-4668-BE54-9A1E7A4F7556}") = "AutoHome.Hardware", "src\AutoHome.Hardware\AutoHome.Hardware.csproj", "{D41A9D61-80BD-4D62-9604-4DAB0DC24EEB}"
EndProject
Project("{9A19103F-16F7-4668-BE54-9A1E7A4F7556}") = "AutoHome.Tests", "tests\AutoHome.Tests\AutoHome.Tests.csproj", "{F1E2DBDD-29C3-4845-B0FE-61CC43D88A23}"
EndProject
Project("{9A19103F-16F7-4668-BE54-9A1E7A4F7556}") = "Curtains.Device", "src\Integrations\Curtains\Curtains.Device\Curtains.Device.csproj", "{502FBDD9-BFBE-463D-BE28-6F477EDEFAAA}"
EndProject
Project("{9A19103F-16F7-4668-BE54-9A1E7A4F7556}") = "AutoHome.Client", "src\AutoHome.Client\AutoHome.Client.csproj", "{D7B1605E-7FCA-4F3A-9F45-F2093124A7CF}"
EndProject
Project("{9A19103F-16F7-4668-BE54-9A1E7A4F7556}") = "AutoHome.Data", "src\AutoHome.Data\AutoHome.Data.csproj", "{2D276F80-3B29-467F-88F7-FD8B7DB36039}"
EndProject
Project("{9A19103F-16F7-4668-BE54-9A1E7A4F7556}") = "Curtains.Plugin", "src\Integrations\Curtains\Curtains.Plugin\Curtains.Plugin.csproj", "{B648C604-A9F2-4D57-8063-9ACE18C6A85A}"
EndProject
Project("{9A19103F-16F7-4668-BE54-9A1E7A4F7556}") = "AutoHome.PluginCore", "src\AutoHome.PluginCore\AutoHome.PluginCore.csproj", "{15B131CC-2158-44FE-9A5F-31A856BB7064}"
EndProject
Project("{2150E333-8FDC-42A3-9474-1A3956D46DE8}") = "Integrations", "Integrations", "{4F99EAFD-E939-4E48-AF74-089B2CBAB60F}"
EndProject
Project("{2150E333-8FDC-42A3-9474-1A3956D46DE8}") = "Tests", "Tests", "{39106798-FE5A-4591-851B-8CA792BF9ABA}"
EndProject
Project("{2150E333-8FDC-42A3-9474-1A3956D46DE8}") = "Curtains", "Curtains", "{666D6C5A-B1CD-43B2-8750-CBA083ABD05A}"
	ProjectSection(SolutionItems) = preProject
		src\Integrations\Curtains\publish_curtains.ps1 = src\Integrations\Curtains\publish_curtains.ps1
		src\Integrations\Curtains\README.md = src\Integrations\Curtains\README.md
	EndProjectSection
EndProject
Project("{9A19103F-16F7-4668-BE54-9A1E7A4F7556}") = "AutoHome.RestClientGenerator", "src\AutoHome.RestClientGenerator\AutoHome.RestClientGenerator.csproj", "{98D0DB19-F5B3-4D17-B0FB-0260B344CFE9}"
EndProject
Project("{9A19103F-16F7-4668-BE54-9A1E7A4F7556}") = "AutoHome.DeviceCore", "src\AutoHome.DeviceCore\AutoHome.DeviceCore.csproj", "{B7C96CBE-809A-4DF8-AF92-E6A77581149F}"
EndProject
Project("{9A19103F-16F7-4668-BE54-9A1E7A4F7556}") = "AutoHome.Core", "src\AutoHome.Core\AutoHome.Core.csproj", "{A37EAE33-53BA-4143-A3B3-DF01669B8B69}"
EndProject
Project("{2150E333-8FDC-42A3-9474-1A3956D46DE8}") = "Api", "Api", "{EEA7CB79-64D1-49EA-8313-8B9CE96A4B05}"
EndProject
Project("{9A19103F-16F7-4668-BE54-9A1E7A4F7556}") = "AutoHome.RestClient", "src\AutoHome.RestClient\AutoHome.RestClient.csproj", "{18DBDCD3-326D-4E28-8E00-E27E3CAEA93C}"
EndProject
Project("{2150E333-8FDC-42A3-9474-1A3956D46DE8}") = "AmbientWeather", "AmbientWeather", "{6E07D45D-8E3A-43DD-B6D0-8290546F5B27}"
EndProject
Project("{9A19103F-16F7-4668-BE54-9A1E7A4F7556}") = "AmbientWeather.Plugin", "src\Integrations\AmbientWeather\AmbientWeather.Plugin\AmbientWeather.Plugin.csproj", "{1AEC4535-5CE6-4801-AE3F-7885E6CADAA4}"
EndProject
Project("{FAE04EC0-301F-11D3-BF4B-00C04F79EFBC}") = "HLS.NET", "src\HLS.NET\HLS.NET.csproj", "{02530986-C48F-4ED8-B634-8FCBAA417199}"
EndProject
Global
	GlobalSection(SolutionConfigurationPlatforms) = preSolution
		Debug|Any CPU = Debug|Any CPU
		Release|Any CPU = Release|Any CPU
	EndGlobalSection
	GlobalSection(ProjectConfigurationPlatforms) = postSolution
		{B88DD1D1-B1F7-4F70-AF16-F62316FA2A3C}.Debug|Any CPU.ActiveCfg = Debug|Any CPU
		{B88DD1D1-B1F7-4F70-AF16-F62316FA2A3C}.Debug|Any CPU.Build.0 = Debug|Any CPU
		{B88DD1D1-B1F7-4F70-AF16-F62316FA2A3C}.Release|Any CPU.ActiveCfg = Release|Any CPU
		{B88DD1D1-B1F7-4F70-AF16-F62316FA2A3C}.Release|Any CPU.Build.0 = Release|Any CPU
		{D41A9D61-80BD-4D62-9604-4DAB0DC24EEB}.Debug|Any CPU.ActiveCfg = Debug|Any CPU
		{D41A9D61-80BD-4D62-9604-4DAB0DC24EEB}.Debug|Any CPU.Build.0 = Debug|Any CPU
		{D41A9D61-80BD-4D62-9604-4DAB0DC24EEB}.Release|Any CPU.ActiveCfg = Release|Any CPU
		{D41A9D61-80BD-4D62-9604-4DAB0DC24EEB}.Release|Any CPU.Build.0 = Release|Any CPU
		{F1E2DBDD-29C3-4845-B0FE-61CC43D88A23}.Debug|Any CPU.ActiveCfg = Debug|Any CPU
		{F1E2DBDD-29C3-4845-B0FE-61CC43D88A23}.Debug|Any CPU.Build.0 = Debug|Any CPU
		{F1E2DBDD-29C3-4845-B0FE-61CC43D88A23}.Release|Any CPU.ActiveCfg = Release|Any CPU
		{F1E2DBDD-29C3-4845-B0FE-61CC43D88A23}.Release|Any CPU.Build.0 = Release|Any CPU
		{502FBDD9-BFBE-463D-BE28-6F477EDEFAAA}.Debug|Any CPU.ActiveCfg = Debug|Any CPU
		{502FBDD9-BFBE-463D-BE28-6F477EDEFAAA}.Debug|Any CPU.Build.0 = Debug|Any CPU
		{502FBDD9-BFBE-463D-BE28-6F477EDEFAAA}.Release|Any CPU.ActiveCfg = Release|Any CPU
		{502FBDD9-BFBE-463D-BE28-6F477EDEFAAA}.Release|Any CPU.Build.0 = Release|Any CPU
		{D7B1605E-7FCA-4F3A-9F45-F2093124A7CF}.Debug|Any CPU.ActiveCfg = Debug|Any CPU
		{D7B1605E-7FCA-4F3A-9F45-F2093124A7CF}.Debug|Any CPU.Build.0 = Debug|Any CPU
		{D7B1605E-7FCA-4F3A-9F45-F2093124A7CF}.Release|Any CPU.ActiveCfg = Release|Any CPU
		{D7B1605E-7FCA-4F3A-9F45-F2093124A7CF}.Release|Any CPU.Build.0 = Release|Any CPU
		{2D276F80-3B29-467F-88F7-FD8B7DB36039}.Debug|Any CPU.ActiveCfg = Debug|Any CPU
		{2D276F80-3B29-467F-88F7-FD8B7DB36039}.Debug|Any CPU.Build.0 = Debug|Any CPU
		{2D276F80-3B29-467F-88F7-FD8B7DB36039}.Release|Any CPU.ActiveCfg = Release|Any CPU
		{2D276F80-3B29-467F-88F7-FD8B7DB36039}.Release|Any CPU.Build.0 = Release|Any CPU
		{B648C604-A9F2-4D57-8063-9ACE18C6A85A}.Debug|Any CPU.ActiveCfg = Debug|Any CPU
		{B648C604-A9F2-4D57-8063-9ACE18C6A85A}.Debug|Any CPU.Build.0 = Debug|Any CPU
		{B648C604-A9F2-4D57-8063-9ACE18C6A85A}.Release|Any CPU.ActiveCfg = Release|Any CPU
		{B648C604-A9F2-4D57-8063-9ACE18C6A85A}.Release|Any CPU.Build.0 = Release|Any CPU
		{15B131CC-2158-44FE-9A5F-31A856BB7064}.Debug|Any CPU.ActiveCfg = Debug|Any CPU
		{15B131CC-2158-44FE-9A5F-31A856BB7064}.Debug|Any CPU.Build.0 = Debug|Any CPU
		{15B131CC-2158-44FE-9A5F-31A856BB7064}.Release|Any CPU.ActiveCfg = Release|Any CPU
		{15B131CC-2158-44FE-9A5F-31A856BB7064}.Release|Any CPU.Build.0 = Release|Any CPU
		{98D0DB19-F5B3-4D17-B0FB-0260B344CFE9}.Debug|Any CPU.ActiveCfg = Debug|Any CPU
		{98D0DB19-F5B3-4D17-B0FB-0260B344CFE9}.Debug|Any CPU.Build.0 = Debug|Any CPU
		{98D0DB19-F5B3-4D17-B0FB-0260B344CFE9}.Release|Any CPU.ActiveCfg = Release|Any CPU
		{98D0DB19-F5B3-4D17-B0FB-0260B344CFE9}.Release|Any CPU.Build.0 = Release|Any CPU
		{B7C96CBE-809A-4DF8-AF92-E6A77581149F}.Debug|Any CPU.ActiveCfg = Debug|Any CPU
		{B7C96CBE-809A-4DF8-AF92-E6A77581149F}.Debug|Any CPU.Build.0 = Debug|Any CPU
		{B7C96CBE-809A-4DF8-AF92-E6A77581149F}.Release|Any CPU.ActiveCfg = Release|Any CPU
		{B7C96CBE-809A-4DF8-AF92-E6A77581149F}.Release|Any CPU.Build.0 = Release|Any CPU
		{A37EAE33-53BA-4143-A3B3-DF01669B8B69}.Debug|Any CPU.ActiveCfg = Debug|Any CPU
		{A37EAE33-53BA-4143-A3B3-DF01669B8B69}.Debug|Any CPU.Build.0 = Debug|Any CPU
		{A37EAE33-53BA-4143-A3B3-DF01669B8B69}.Release|Any CPU.ActiveCfg = Release|Any CPU
		{A37EAE33-53BA-4143-A3B3-DF01669B8B69}.Release|Any CPU.Build.0 = Release|Any CPU
		{18DBDCD3-326D-4E28-8E00-E27E3CAEA93C}.Debug|Any CPU.ActiveCfg = Debug|Any CPU
		{18DBDCD3-326D-4E28-8E00-E27E3CAEA93C}.Debug|Any CPU.Build.0 = Debug|Any CPU
		{18DBDCD3-326D-4E28-8E00-E27E3CAEA93C}.Release|Any CPU.ActiveCfg = Release|Any CPU
		{18DBDCD3-326D-4E28-8E00-E27E3CAEA93C}.Release|Any CPU.Build.0 = Release|Any CPU
		{1AEC4535-5CE6-4801-AE3F-7885E6CADAA4}.Debug|Any CPU.ActiveCfg = Debug|Any CPU
		{1AEC4535-5CE6-4801-AE3F-7885E6CADAA4}.Debug|Any CPU.Build.0 = Debug|Any CPU
		{1AEC4535-5CE6-4801-AE3F-7885E6CADAA4}.Release|Any CPU.ActiveCfg = Release|Any CPU
		{1AEC4535-5CE6-4801-AE3F-7885E6CADAA4}.Release|Any CPU.Build.0 = Release|Any CPU
		{02530986-C48F-4ED8-B634-8FCBAA417199}.Debug|Any CPU.ActiveCfg = Debug|Any CPU
		{02530986-C48F-4ED8-B634-8FCBAA417199}.Debug|Any CPU.Build.0 = Debug|Any CPU
		{02530986-C48F-4ED8-B634-8FCBAA417199}.Release|Any CPU.ActiveCfg = Release|Any CPU
		{02530986-C48F-4ED8-B634-8FCBAA417199}.Release|Any CPU.Build.0 = Release|Any CPU
	EndGlobalSection
	GlobalSection(SolutionProperties) = preSolution
		HideSolutionNode = FALSE
	EndGlobalSection
	GlobalSection(NestedProjects) = preSolution
		{F1E2DBDD-29C3-4845-B0FE-61CC43D88A23} = {39106798-FE5A-4591-851B-8CA792BF9ABA}
		{502FBDD9-BFBE-463D-BE28-6F477EDEFAAA} = {666D6C5A-B1CD-43B2-8750-CBA083ABD05A}
		{B648C604-A9F2-4D57-8063-9ACE18C6A85A} = {666D6C5A-B1CD-43B2-8750-CBA083ABD05A}
		{666D6C5A-B1CD-43B2-8750-CBA083ABD05A} = {4F99EAFD-E939-4E48-AF74-089B2CBAB60F}
		{98D0DB19-F5B3-4D17-B0FB-0260B344CFE9} = {EEA7CB79-64D1-49EA-8313-8B9CE96A4B05}
		{18DBDCD3-326D-4E28-8E00-E27E3CAEA93C} = {EEA7CB79-64D1-49EA-8313-8B9CE96A4B05}
		{6E07D45D-8E3A-43DD-B6D0-8290546F5B27} = {4F99EAFD-E939-4E48-AF74-089B2CBAB60F}
		{1AEC4535-5CE6-4801-AE3F-7885E6CADAA4} = {6E07D45D-8E3A-43DD-B6D0-8290546F5B27}
	EndGlobalSection
	GlobalSection(ExtensibilityGlobals) = postSolution
		SolutionGuid = {28DE9D7A-1A22-4C65-8EFF-B3233A18AAC5}
	EndGlobalSection
EndGlobal
