
Microsoft Visual Studio Solution File, Format Version 12.00
# Visual Studio Version 17
VisualStudioVersion = 17.2.32630.192
MinimumVisualStudioVersion = 10.0.40219.1
Project("{9A19103F-16F7-4668-BE54-9A1E7A4F7556}") = "AutoCurtains", "src\AutoCurtains\AutoCurtains.csproj", "{B88DD1D1-B1F7-4F70-AF16-F62316FA2A3C}"
EndProject
Project("{2150E333-8FDC-42A3-9474-1A3956D46DE8}") = "Solution Items", "Solution Items", "{991B2368-57CC-4EFD-86B6-F51E6548B977}"
	ProjectSection(SolutionItems) = preProject
		publish.ps1 = publish.ps1
		README.md = README.md
	EndProjectSection
EndProject
Project("{FAE04EC0-301F-11D3-BF4B-00C04F79EFBC}") = "AutoCurtains.Hardware", "src\AutoCurtains.Hardware\AutoCurtains.Hardware.csproj", "{D41A9D61-80BD-4D62-9604-4DAB0DC24EEB}"
EndProject
Global
	GlobalSection(SolutionConfigurationPlatforms) = preSolution
		Debug|Any CPU = Debug|Any CPU
		Release|Any CPU = Release|Any CPU
	EndGlobalSection
	GlobalSection(ProjectConfigurationPlatforms) = postSolution
		{B88DD1D1-B1F7-4F70-AF16-F62316FA2A3C}.Debug|Any CPU.ActiveCfg = Debug|Any CPU
		{B88DD1D1-B1F7-4F70-AF16-F62316FA2A3C}.Debug|Any CPU.Build.0 = Debug|Any CPU
		{B88DD1D1-B1F7-4F70-AF16-F62316FA2A3C}.Release|Any CPU.ActiveCfg = Release|Any CPU
		{B88DD1D1-B1F7-4F70-AF16-F62316FA2A3C}.Release|Any CPU.Build.0 = Release|Any CPU
		{D41A9D61-80BD-4D62-9604-4DAB0DC24EEB}.Debug|Any CPU.ActiveCfg = Debug|Any CPU
		{D41A9D61-80BD-4D62-9604-4DAB0DC24EEB}.Debug|Any CPU.Build.0 = Debug|Any CPU
		{D41A9D61-80BD-4D62-9604-4DAB0DC24EEB}.Release|Any CPU.ActiveCfg = Release|Any CPU
		{D41A9D61-80BD-4D62-9604-4DAB0DC24EEB}.Release|Any CPU.Build.0 = Release|Any CPU
	EndGlobalSection
	GlobalSection(SolutionProperties) = preSolution
		HideSolutionNode = FALSE
	EndGlobalSection
	GlobalSection(ExtensibilityGlobals) = postSolution
		SolutionGuid = {28DE9D7A-1A22-4C65-8EFF-B3233A18AAC5}
	EndGlobalSection
EndGlobal
